
Microsoft Visual Studio Solution File, Format Version 12.00
# Visual Studio Version 16
VisualStudioVersion = 16.0.32413.511
MinimumVisualStudioVersion = 10.0.40219.1
Project("{FAE04EC0-301F-11D3-BF4B-00C04F79EFBC}") = "BaltaDataAccess", "BaltaDataAccess\BaltaDataAccess.csproj", "{D438B79A-214C-429A-95FF-F8D400E71D38}"
EndProject
Global
	GlobalSection(SolutionConfigurationPlatforms) = preSolution
		Debug|Any CPU = Debug|Any CPU
		Release|Any CPU = Release|Any CPU
	EndGlobalSection
	GlobalSection(ProjectConfigurationPlatforms) = postSolution
		{D438B79A-214C-429A-95FF-F8D400E71D38}.Debug|Any CPU.ActiveCfg = Debug|Any CPU
		{D438B79A-214C-429A-95FF-F8D400E71D38}.Debug|Any CPU.Build.0 = Debug|Any CPU
		{D438B79A-214C-429A-95FF-F8D400E71D38}.Release|Any CPU.ActiveCfg = Release|Any CPU
		{D438B79A-214C-429A-95FF-F8D400E71D38}.Release|Any CPU.Build.0 = Release|Any CPU
	EndGlobalSection
	GlobalSection(SolutionProperties) = preSolution
		HideSolutionNode = FALSE
	EndGlobalSection
	GlobalSection(ExtensibilityGlobals) = postSolution
		SolutionGuid = {1B04959F-FD8C-4516-BE0C-5488A04F6200}
	EndGlobalSection
EndGlobal
